
Microsoft Visual Studio Solution File, Format Version 12.00
# Visual Studio 15
VisualStudioVersion = 15.0.28307.168
MinimumVisualStudioVersion = 10.0.40219.1
Project("{262852C6-CD72-467D-83FE-5EEB1973A190}") = "week5", "week5\week5.jsproj", "{F5DC3FBD-D087-4A83-95B1-22C99A5C3618}"
EndProject
Global
	GlobalSection(SolutionConfigurationPlatforms) = preSolution
		Debug|Any CPU = Debug|Any CPU
		Debug|ARM = Debug|ARM
		Debug|ARM64 = Debug|ARM64
		Debug|x64 = Debug|x64
		Debug|x86 = Debug|x86
		Release|Any CPU = Release|Any CPU
		Release|ARM = Release|ARM
		Release|ARM64 = Release|ARM64
		Release|x64 = Release|x64
		Release|x86 = Release|x86
	EndGlobalSection
	GlobalSection(ProjectConfigurationPlatforms) = postSolution
		{F5DC3FBD-D087-4A83-95B1-22C99A5C3618}.Debug|Any CPU.ActiveCfg = Debug|Any CPU
		{F5DC3FBD-D087-4A83-95B1-22C99A5C3618}.Debug|Any CPU.Build.0 = Debug|Any CPU
		{F5DC3FBD-D087-4A83-95B1-22C99A5C3618}.Debug|Any CPU.Deploy.0 = Debug|Any CPU
		{F5DC3FBD-D087-4A83-95B1-22C99A5C3618}.Debug|ARM.ActiveCfg = Debug|ARM
		{F5DC3FBD-D087-4A83-95B1-22C99A5C3618}.Debug|ARM.Build.0 = Debug|ARM
		{F5DC3FBD-D087-4A83-95B1-22C99A5C3618}.Debug|ARM.Deploy.0 = Debug|ARM
		{F5DC3FBD-D087-4A83-95B1-22C99A5C3618}.Debug|ARM64.ActiveCfg = Debug|ARM64
		{F5DC3FBD-D087-4A83-95B1-22C99A5C3618}.Debug|ARM64.Build.0 = Debug|ARM64
		{F5DC3FBD-D087-4A83-95B1-22C99A5C3618}.Debug|ARM64.Deploy.0 = Debug|ARM64
		{F5DC3FBD-D087-4A83-95B1-22C99A5C3618}.Debug|x64.ActiveCfg = Debug|x64
		{F5DC3FBD-D087-4A83-95B1-22C99A5C3618}.Debug|x64.Build.0 = Debug|x64
		{F5DC3FBD-D087-4A83-95B1-22C99A5C3618}.Debug|x64.Deploy.0 = Debug|x64
		{F5DC3FBD-D087-4A83-95B1-22C99A5C3618}.Debug|x86.ActiveCfg = Debug|x86
		{F5DC3FBD-D087-4A83-95B1-22C99A5C3618}.Debug|x86.Build.0 = Debug|x86
		{F5DC3FBD-D087-4A83-95B1-22C99A5C3618}.Debug|x86.Deploy.0 = Debug|x86
		{F5DC3FBD-D087-4A83-95B1-22C99A5C3618}.Release|Any CPU.ActiveCfg = Release|Any CPU
		{F5DC3FBD-D087-4A83-95B1-22C99A5C3618}.Release|Any CPU.Build.0 = Release|Any CPU
		{F5DC3FBD-D087-4A83-95B1-22C99A5C3618}.Release|Any CPU.Deploy.0 = Release|Any CPU
		{F5DC3FBD-D087-4A83-95B1-22C99A5C3618}.Release|ARM.ActiveCfg = Release|ARM
		{F5DC3FBD-D087-4A83-95B1-22C99A5C3618}.Release|ARM.Build.0 = Release|ARM
		{F5DC3FBD-D087-4A83-95B1-22C99A5C3618}.Release|ARM.Deploy.0 = Release|ARM
		{F5DC3FBD-D087-4A83-95B1-22C99A5C3618}.Release|ARM64.ActiveCfg = Release|ARM64
		{F5DC3FBD-D087-4A83-95B1-22C99A5C3618}.Release|ARM64.Build.0 = Release|ARM64
		{F5DC3FBD-D087-4A83-95B1-22C99A5C3618}.Release|ARM64.Deploy.0 = Release|ARM64
		{F5DC3FBD-D087-4A83-95B1-22C99A5C3618}.Release|x64.ActiveCfg = Release|x64
		{F5DC3FBD-D087-4A83-95B1-22C99A5C3618}.Release|x64.Build.0 = Release|x64
		{F5DC3FBD-D087-4A83-95B1-22C99A5C3618}.Release|x64.Deploy.0 = Release|x64
		{F5DC3FBD-D087-4A83-95B1-22C99A5C3618}.Release|x86.ActiveCfg = Release|x86
		{F5DC3FBD-D087-4A83-95B1-22C99A5C3618}.Release|x86.Build.0 = Release|x86
		{F5DC3FBD-D087-4A83-95B1-22C99A5C3618}.Release|x86.Deploy.0 = Release|x86
	EndGlobalSection
	GlobalSection(SolutionProperties) = preSolution
		HideSolutionNode = FALSE
	EndGlobalSection
	GlobalSection(ExtensibilityGlobals) = postSolution
		SolutionGuid = {2E13674C-1ACA-426A-9AE6-4BE1E9E6E4F0}
	EndGlobalSection
EndGlobal
